
Microsoft Visual Studio Solution File, Format Version 12.00
# Visual Studio Version 17
VisualStudioVersion = 17.6.33829.357
MinimumVisualStudioVersion = 10.0.40219.1
Project("{9A19103F-16F7-4668-BE54-9A1E7A4F7556}") = "Shopping.Client", "Shopping.Client\Shopping.Client.csproj", "{EB5A5070-BAE5-40B9-A0F8-0EB15073CD1B}"
EndProject
Project("{9A19103F-16F7-4668-BE54-9A1E7A4F7556}") = "Shopping.API", "Shopping.API\Shopping.API.csproj", "{E60D6454-467D-467E-8D4C-2AE61231F126}"
EndProject
Project("{E53339B2-1760-4266-BCC7-CA923CBCF16C}") = "docker-compose", "docker-compose.dcproj", "{8667C463-0979-4003-8093-81526565E632}"
EndProject
Project("{2150E333-8FDC-42A3-9474-1A3956D46DE8}") = "Solution Items", "Solution Items", "{C0764C29-76CE-41DF-8975-65408AE1E0AE}"
	ProjectSection(SolutionItems) = preProject
		nginx-depl.yml = nginx-depl.yml
	EndProjectSection
EndProject
Global
	GlobalSection(SolutionConfigurationPlatforms) = preSolution
		Debug|Any CPU = Debug|Any CPU
		Release|Any CPU = Release|Any CPU
	EndGlobalSection
	GlobalSection(ProjectConfigurationPlatforms) = postSolution
		{EB5A5070-BAE5-40B9-A0F8-0EB15073CD1B}.Debug|Any CPU.ActiveCfg = Debug|Any CPU
		{EB5A5070-BAE5-40B9-A0F8-0EB15073CD1B}.Debug|Any CPU.Build.0 = Debug|Any CPU
		{EB5A5070-BAE5-40B9-A0F8-0EB15073CD1B}.Release|Any CPU.ActiveCfg = Release|Any CPU
		{EB5A5070-BAE5-40B9-A0F8-0EB15073CD1B}.Release|Any CPU.Build.0 = Release|Any CPU
		{E60D6454-467D-467E-8D4C-2AE61231F126}.Debug|Any CPU.ActiveCfg = Debug|Any CPU
		{E60D6454-467D-467E-8D4C-2AE61231F126}.Debug|Any CPU.Build.0 = Debug|Any CPU
		{E60D6454-467D-467E-8D4C-2AE61231F126}.Release|Any CPU.ActiveCfg = Release|Any CPU
		{E60D6454-467D-467E-8D4C-2AE61231F126}.Release|Any CPU.Build.0 = Release|Any CPU
		{8667C463-0979-4003-8093-81526565E632}.Debug|Any CPU.ActiveCfg = Debug|Any CPU
		{8667C463-0979-4003-8093-81526565E632}.Debug|Any CPU.Build.0 = Debug|Any CPU
		{8667C463-0979-4003-8093-81526565E632}.Release|Any CPU.ActiveCfg = Release|Any CPU
		{8667C463-0979-4003-8093-81526565E632}.Release|Any CPU.Build.0 = Release|Any CPU
	EndGlobalSection
	GlobalSection(SolutionProperties) = preSolution
		HideSolutionNode = FALSE
	EndGlobalSection
	GlobalSection(ExtensibilityGlobals) = postSolution
		SolutionGuid = {A9F883DC-91EA-460A-967F-DAD360E79679}
	EndGlobalSection
EndGlobal
